
Microsoft Visual Studio Solution File, Format Version 12.00
# Visual Studio Version 16
VisualStudioVersion = 16.0.29102.190
MinimumVisualStudioVersion = 10.0.40219.1
Project("{9A19103F-16F7-4668-BE54-9A1E7A4F7556}") = "evaluator", "evaluator\evaluator.csproj", "{C2057BDE-4A53-4FBD-999F-3A87D6D9F04D}"
EndProject
Project("{2150E333-8FDC-42A3-9474-1A3956D46DE8}") = "Solution Items", "Solution Items", "{9C69348B-3C29-40ED-B7A4-DE3A3B7D97FF}"
	ProjectSection(SolutionItems) = preProject
		docker-compose.yml = docker-compose.yml
	EndProjectSection
EndProject
Project("{9A19103F-16F7-4668-BE54-9A1E7A4F7556}") = "ahk.common", "ahk.common\ahk.common.csproj", "{6477F409-F538-4BCD-A689-42FA9B70925E}"
EndProject
Project("{9A19103F-16F7-4668-BE54-9A1E7A4F7556}") = "starter-code", "starter-code\starter-code.csproj", "{BC14F39D-CB29-44E6-AD8B-B4153A6DAC5F}"
EndProject
Global
	GlobalSection(SolutionConfigurationPlatforms) = preSolution
		Debug|Any CPU = Debug|Any CPU
		Release|Any CPU = Release|Any CPU
	EndGlobalSection
	GlobalSection(ProjectConfigurationPlatforms) = postSolution
		{C2057BDE-4A53-4FBD-999F-3A87D6D9F04D}.Debug|Any CPU.ActiveCfg = Debug|Any CPU
		{C2057BDE-4A53-4FBD-999F-3A87D6D9F04D}.Debug|Any CPU.Build.0 = Debug|Any CPU
		{C2057BDE-4A53-4FBD-999F-3A87D6D9F04D}.Release|Any CPU.ActiveCfg = Release|Any CPU
		{C2057BDE-4A53-4FBD-999F-3A87D6D9F04D}.Release|Any CPU.Build.0 = Release|Any CPU
		{6477F409-F538-4BCD-A689-42FA9B70925E}.Debug|Any CPU.ActiveCfg = Debug|Any CPU
		{6477F409-F538-4BCD-A689-42FA9B70925E}.Debug|Any CPU.Build.0 = Debug|Any CPU
		{6477F409-F538-4BCD-A689-42FA9B70925E}.Release|Any CPU.ActiveCfg = Release|Any CPU
		{6477F409-F538-4BCD-A689-42FA9B70925E}.Release|Any CPU.Build.0 = Release|Any CPU
		{BC14F39D-CB29-44E6-AD8B-B4153A6DAC5F}.Debug|Any CPU.ActiveCfg = Debug|Any CPU
		{BC14F39D-CB29-44E6-AD8B-B4153A6DAC5F}.Debug|Any CPU.Build.0 = Debug|Any CPU
		{BC14F39D-CB29-44E6-AD8B-B4153A6DAC5F}.Release|Any CPU.ActiveCfg = Release|Any CPU
		{BC14F39D-CB29-44E6-AD8B-B4153A6DAC5F}.Release|Any CPU.Build.0 = Release|Any CPU
	EndGlobalSection
	GlobalSection(SolutionProperties) = preSolution
		HideSolutionNode = FALSE
	EndGlobalSection
	GlobalSection(ExtensibilityGlobals) = postSolution
		SolutionGuid = {E9384A74-F5A1-4A9B-AC3D-5EB7F6E5A6A1}
	EndGlobalSection
EndGlobal
